
Microsoft Visual Studio Solution File, Format Version 12.00
# Visual Studio Version 17
VisualStudioVersion = 17.2.32630.192
MinimumVisualStudioVersion = 10.0.40219.1
Project("{FAE04EC0-301F-11D3-BF4B-00C04F79EFBC}") = "YorderApp.UWP", "YorderApp\YorderApp.UWP\YorderApp.UWP.csproj", "{04ADEB02-66B6-4050-801C-1972597482F8}"
EndProject
Project("{FAE04EC0-301F-11D3-BF4B-00C04F79EFBC}") = "YorderApp.Android", "YorderApp\YorderApp.Android\YorderApp.Android.csproj", "{A5FD721E-92EC-41AF-BD8C-BA71610D79A2}"
EndProject
Project("{FAE04EC0-301F-11D3-BF4B-00C04F79EFBC}") = "YorderApp.iOS", "YorderApp\YorderApp.iOS\YorderApp.iOS.csproj", "{74B05492-717F-4847-B13C-6CB75BE7F6BE}"
EndProject
Project("{FAE04EC0-301F-11D3-BF4B-00C04F79EFBC}") = "YorderApp", "YorderApp\YorderApp\YorderApp.csproj", "{E3EED470-D018-48BC-B15B-FB140E0AA30A}"
EndProject
Global
	GlobalSection(SolutionConfigurationPlatforms) = preSolution
		Debug|Any CPU = Debug|Any CPU
		Debug|ARM = Debug|ARM
		Debug|iPhone = Debug|iPhone
		Debug|iPhoneSimulator = Debug|iPhoneSimulator
		Debug|x64 = Debug|x64
		Debug|x86 = Debug|x86
		Release|Any CPU = Release|Any CPU
		Release|ARM = Release|ARM
		Release|iPhone = Release|iPhone
		Release|iPhoneSimulator = Release|iPhoneSimulator
		Release|x64 = Release|x64
		Release|x86 = Release|x86
	EndGlobalSection
	GlobalSection(ProjectConfigurationPlatforms) = postSolution
		{04ADEB02-66B6-4050-801C-1972597482F8}.Debug|Any CPU.ActiveCfg = Debug|x64
		{04ADEB02-66B6-4050-801C-1972597482F8}.Debug|Any CPU.Build.0 = Debug|x64
		{04ADEB02-66B6-4050-801C-1972597482F8}.Debug|Any CPU.Deploy.0 = Debug|x64
		{04ADEB02-66B6-4050-801C-1972597482F8}.Debug|ARM.ActiveCfg = Debug|ARM
		{04ADEB02-66B6-4050-801C-1972597482F8}.Debug|ARM.Build.0 = Debug|ARM
		{04ADEB02-66B6-4050-801C-1972597482F8}.Debug|ARM.Deploy.0 = Debug|ARM
		{04ADEB02-66B6-4050-801C-1972597482F8}.Debug|iPhone.ActiveCfg = Debug|x64
		{04ADEB02-66B6-4050-801C-1972597482F8}.Debug|iPhone.Build.0 = Debug|x64
		{04ADEB02-66B6-4050-801C-1972597482F8}.Debug|iPhone.Deploy.0 = Debug|x64
		{04ADEB02-66B6-4050-801C-1972597482F8}.Debug|iPhoneSimulator.ActiveCfg = Debug|x64
		{04ADEB02-66B6-4050-801C-1972597482F8}.Debug|iPhoneSimulator.Build.0 = Debug|x64
		{04ADEB02-66B6-4050-801C-1972597482F8}.Debug|iPhoneSimulator.Deploy.0 = Debug|x64
		{04ADEB02-66B6-4050-801C-1972597482F8}.Debug|x64.ActiveCfg = Debug|x64
		{04ADEB02-66B6-4050-801C-1972597482F8}.Debug|x64.Build.0 = Debug|x64
		{04ADEB02-66B6-4050-801C-1972597482F8}.Debug|x64.Deploy.0 = Debug|x64
		{04ADEB02-66B6-4050-801C-1972597482F8}.Debug|x86.ActiveCfg = Debug|x86
		{04ADEB02-66B6-4050-801C-1972597482F8}.Debug|x86.Build.0 = Debug|x86
		{04ADEB02-66B6-4050-801C-1972597482F8}.Debug|x86.Deploy.0 = Debug|x86
		{04ADEB02-66B6-4050-801C-1972597482F8}.Release|Any CPU.ActiveCfg = Release|x64
		{04ADEB02-66B6-4050-801C-1972597482F8}.Release|Any CPU.Build.0 = Release|x64
		{04ADEB02-66B6-4050-801C-1972597482F8}.Release|Any CPU.Deploy.0 = Release|x64
		{04ADEB02-66B6-4050-801C-1972597482F8}.Release|ARM.ActiveCfg = Release|ARM
		{04ADEB02-66B6-4050-801C-1972597482F8}.Release|ARM.Build.0 = Release|ARM
		{04ADEB02-66B6-4050-801C-1972597482F8}.Release|ARM.Deploy.0 = Release|ARM
		{04ADEB02-66B6-4050-801C-1972597482F8}.Release|iPhone.ActiveCfg = Release|x64
		{04ADEB02-66B6-4050-801C-1972597482F8}.Release|iPhone.Build.0 = Release|x64
		{04ADEB02-66B6-4050-801C-1972597482F8}.Release|iPhone.Deploy.0 = Release|x64
		{04ADEB02-66B6-4050-801C-1972597482F8}.Release|iPhoneSimulator.ActiveCfg = Release|x64
		{04ADEB02-66B6-4050-801C-1972597482F8}.Release|iPhoneSimulator.Build.0 = Release|x64
		{04ADEB02-66B6-4050-801C-1972597482F8}.Release|iPhoneSimulator.Deploy.0 = Release|x64
		{04ADEB02-66B6-4050-801C-1972597482F8}.Release|x64.ActiveCfg = Release|x64
		{04ADEB02-66B6-4050-801C-1972597482F8}.Release|x64.Build.0 = Release|x64
		{04ADEB02-66B6-4050-801C-1972597482F8}.Release|x64.Deploy.0 = Release|x64
		{04ADEB02-66B6-4050-801C-1972597482F8}.Release|x86.ActiveCfg = Release|x86
		{04ADEB02-66B6-4050-801C-1972597482F8}.Release|x86.Build.0 = Release|x86
		{04ADEB02-66B6-4050-801C-1972597482F8}.Release|x86.Deploy.0 = Release|x86
		{A5FD721E-92EC-41AF-BD8C-BA71610D79A2}.Debug|Any CPU.ActiveCfg = Debug|Any CPU
		{A5FD721E-92EC-41AF-BD8C-BA71610D79A2}.Debug|Any CPU.Build.0 = Debug|Any CPU
		{A5FD721E-92EC-41AF-BD8C-BA71610D79A2}.Debug|Any CPU.Deploy.0 = Debug|Any CPU
		{A5FD721E-92EC-41AF-BD8C-BA71610D79A2}.Debug|ARM.ActiveCfg = Debug|Any CPU
		{A5FD721E-92EC-41AF-BD8C-BA71610D79A2}.Debug|ARM.Build.0 = Debug|Any CPU
		{A5FD721E-92EC-41AF-BD8C-BA71610D79A2}.Debug|ARM.Deploy.0 = Debug|Any CPU
		{A5FD721E-92EC-41AF-BD8C-BA71610D79A2}.Debug|iPhone.ActiveCfg = Debug|Any CPU
		{A5FD721E-92EC-41AF-BD8C-BA71610D79A2}.Debug|iPhone.Build.0 = Debug|Any CPU
		{A5FD721E-92EC-41AF-BD8C-BA71610D79A2}.Debug|iPhone.Deploy.0 = Debug|Any CPU
		{A5FD721E-92EC-41AF-BD8C-BA71610D79A2}.Debug|iPhoneSimulator.ActiveCfg = Debug|Any CPU
		{A5FD721E-92EC-41AF-BD8C-BA71610D79A2}.Debug|iPhoneSimulator.Build.0 = Debug|Any CPU
		{A5FD721E-92EC-41AF-BD8C-BA71610D79A2}.Debug|iPhoneSimulator.Deploy.0 = Debug|Any CPU
		{A5FD721E-92EC-41AF-BD8C-BA71610D79A2}.Debug|x64.ActiveCfg = Debug|Any CPU
		{A5FD721E-92EC-41AF-BD8C-BA71610D79A2}.Debug|x64.Build.0 = Debug|Any CPU
		{A5FD721E-92EC-41AF-BD8C-BA71610D79A2}.Debug|x64.Deploy.0 = Debug|Any CPU
		{A5FD721E-92EC-41AF-BD8C-BA71610D79A2}.Debug|x86.ActiveCfg = Debug|Any CPU
		{A5FD721E-92EC-41AF-BD8C-BA71610D79A2}.Debug|x86.Build.0 = Debug|Any CPU
		{A5FD721E-92EC-41AF-BD8C-BA71610D79A2}.Debug|x86.Deploy.0 = Debug|Any CPU
		{A5FD721E-92EC-41AF-BD8C-BA71610D79A2}.Release|Any CPU.ActiveCfg = Release|Any CPU
		{A5FD721E-92EC-41AF-BD8C-BA71610D79A2}.Release|Any CPU.Build.0 = Release|Any CPU
		{A5FD721E-92EC-41AF-BD8C-BA71610D79A2}.Release|Any CPU.Deploy.0 = Release|Any CPU
		{A5FD721E-92EC-41AF-BD8C-BA71610D79A2}.Release|ARM.ActiveCfg = Release|Any CPU
		{A5FD721E-92EC-41AF-BD8C-BA71610D79A2}.Release|ARM.Build.0 = Release|Any CPU
		{A5FD721E-92EC-41AF-BD8C-BA71610D79A2}.Release|ARM.Deploy.0 = Release|Any CPU
		{A5FD721E-92EC-41AF-BD8C-BA71610D79A2}.Release|iPhone.ActiveCfg = Release|Any CPU
		{A5FD721E-92EC-41AF-BD8C-BA71610D79A2}.Release|iPhone.Build.0 = Release|Any CPU
		{A5FD721E-92EC-41AF-BD8C-BA71610D79A2}.Release|iPhone.Deploy.0 = Release|Any CPU
		{A5FD721E-92EC-41AF-BD8C-BA71610D79A2}.Release|iPhoneSimulator.ActiveCfg = Release|Any CPU
		{A5FD721E-92EC-41AF-BD8C-BA71610D79A2}.Release|iPhoneSimulator.Build.0 = Release|Any CPU
		{A5FD721E-92EC-41AF-BD8C-BA71610D79A2}.Release|iPhoneSimulator.Deploy.0 = Release|Any CPU
		{A5FD721E-92EC-41AF-BD8C-BA71610D79A2}.Release|x64.ActiveCfg = Release|Any CPU
		{A5FD721E-92EC-41AF-BD8C-BA71610D79A2}.Release|x64.Build.0 = Release|Any CPU
		{A5FD721E-92EC-41AF-BD8C-BA71610D79A2}.Release|x64.Deploy.0 = Release|Any CPU
		{A5FD721E-92EC-41AF-BD8C-BA71610D79A2}.Release|x86.ActiveCfg = Release|Any CPU
		{A5FD721E-92EC-41AF-BD8C-BA71610D79A2}.Release|x86.Build.0 = Release|Any CPU
		{A5FD721E-92EC-41AF-BD8C-BA71610D79A2}.Release|x86.Deploy.0 = Release|Any CPU
		{74B05492-717F-4847-B13C-6CB75BE7F6BE}.Debug|Any CPU.ActiveCfg = Debug|iPhoneSimulator
		{74B05492-717F-4847-B13C-6CB75BE7F6BE}.Debug|Any CPU.Build.0 = Debug|iPhoneSimulator
		{74B05492-717F-4847-B13C-6CB75BE7F6BE}.Debug|Any CPU.Deploy.0 = Debug|iPhoneSimulator
		{74B05492-717F-4847-B13C-6CB75BE7F6BE}.Debug|ARM.ActiveCfg = Debug|iPhoneSimulator
		{74B05492-717F-4847-B13C-6CB75BE7F6BE}.Debug|ARM.Build.0 = Debug|iPhoneSimulator
		{74B05492-717F-4847-B13C-6CB75BE7F6BE}.Debug|ARM.Deploy.0 = Debug|iPhoneSimulator
		{74B05492-717F-4847-B13C-6CB75BE7F6BE}.Debug|iPhone.ActiveCfg = Debug|iPhone
		{74B05492-717F-4847-B13C-6CB75BE7F6BE}.Debug|iPhone.Build.0 = Debug|iPhone
		{74B05492-717F-4847-B13C-6CB75BE7F6BE}.Debug|iPhone.Deploy.0 = Debug|iPhone
		{74B05492-717F-4847-B13C-6CB75BE7F6BE}.Debug|iPhoneSimulator.ActiveCfg = Debug|iPhoneSimulator
		{74B05492-717F-4847-B13C-6CB75BE7F6BE}.Debug|iPhoneSimulator.Build.0 = Debug|iPhoneSimulator
		{74B05492-717F-4847-B13C-6CB75BE7F6BE}.Debug|iPhoneSimulator.Deploy.0 = Debug|iPhoneSimulator
		{74B05492-717F-4847-B13C-6CB75BE7F6BE}.Debug|x64.ActiveCfg = Debug|iPhone
		{74B05492-717F-4847-B13C-6CB75BE7F6BE}.Debug|x64.Build.0 = Debug|iPhone
		{74B05492-717F-4847-B13C-6CB75BE7F6BE}.Debug|x64.Deploy.0 = Debug|iPhone
		{74B05492-717F-4847-B13C-6CB75BE7F6BE}.Debug|x86.ActiveCfg = Debug|iPhoneSimulator
		{74B05492-717F-4847-B13C-6CB75BE7F6BE}.Debug|x86.Build.0 = Debug|iPhoneSimulator
		{74B05492-717F-4847-B13C-6CB75BE7F6BE}.Debug|x86.Deploy.0 = Debug|iPhoneSimulator
		{74B05492-717F-4847-B13C-6CB75BE7F6BE}.Release|Any CPU.ActiveCfg = Release|iPhoneSimulator
		{74B05492-717F-4847-B13C-6CB75BE7F6BE}.Release|Any CPU.Build.0 = Release|iPhoneSimulator
		{74B05492-717F-4847-B13C-6CB75BE7F6BE}.Release|Any CPU.Deploy.0 = Release|iPhoneSimulator
		{74B05492-717F-4847-B13C-6CB75BE7F6BE}.Release|ARM.ActiveCfg = Release|iPhoneSimulator
		{74B05492-717F-4847-B13C-6CB75BE7F6BE}.Release|ARM.Build.0 = Release|iPhoneSimulator
		{74B05492-717F-4847-B13C-6CB75BE7F6BE}.Release|ARM.Deploy.0 = Release|iPhoneSimulator
		{74B05492-717F-4847-B13C-6CB75BE7F6BE}.Release|iPhone.ActiveCfg = Release|iPhone
		{74B05492-717F-4847-B13C-6CB75BE7F6BE}.Release|iPhone.Build.0 = Release|iPhone
		{74B05492-717F-4847-B13C-6CB75BE7F6BE}.Release|iPhone.Deploy.0 = Release|iPhone
		{74B05492-717F-4847-B13C-6CB75BE7F6BE}.Release|iPhoneSimulator.ActiveCfg = Release|iPhoneSimulator
		{74B05492-717F-4847-B13C-6CB75BE7F6BE}.Release|iPhoneSimulator.Build.0 = Release|iPhoneSimulator
		{74B05492-717F-4847-B13C-6CB75BE7F6BE}.Release|iPhoneSimulator.Deploy.0 = Release|iPhoneSimulator
		{74B05492-717F-4847-B13C-6CB75BE7F6BE}.Release|x64.ActiveCfg = Release|iPhoneSimulator
		{74B05492-717F-4847-B13C-6CB75BE7F6BE}.Release|x64.Build.0 = Release|iPhoneSimulator
		{74B05492-717F-4847-B13C-6CB75BE7F6BE}.Release|x64.Deploy.0 = Release|iPhoneSimulator
		{74B05492-717F-4847-B13C-6CB75BE7F6BE}.Release|x86.ActiveCfg = Release|iPhoneSimulator
		{74B05492-717F-4847-B13C-6CB75BE7F6BE}.Release|x86.Build.0 = Release|iPhoneSimulator
		{74B05492-717F-4847-B13C-6CB75BE7F6BE}.Release|x86.Deploy.0 = Release|iPhoneSimulator
		{E3EED470-D018-48BC-B15B-FB140E0AA30A}.Debug|Any CPU.ActiveCfg = Debug|Any CPU
		{E3EED470-D018-48BC-B15B-FB140E0AA30A}.Debug|Any CPU.Build.0 = Debug|Any CPU
		{E3EED470-D018-48BC-B15B-FB140E0AA30A}.Debug|Any CPU.Deploy.0 = Debug|Any CPU
		{E3EED470-D018-48BC-B15B-FB140E0AA30A}.Debug|ARM.ActiveCfg = Debug|Any CPU
		{E3EED470-D018-48BC-B15B-FB140E0AA30A}.Debug|ARM.Build.0 = Debug|Any CPU
		{E3EED470-D018-48BC-B15B-FB140E0AA30A}.Debug|ARM.Deploy.0 = Debug|Any CPU
		{E3EED470-D018-48BC-B15B-FB140E0AA30A}.Debug|iPhone.ActiveCfg = Debug|Any CPU
		{E3EED470-D018-48BC-B15B-FB140E0AA30A}.Debug|iPhone.Build.0 = Debug|Any CPU
		{E3EED470-D018-48BC-B15B-FB140E0AA30A}.Debug|iPhone.Deploy.0 = Debug|Any CPU
		{E3EED470-D018-48BC-B15B-FB140E0AA30A}.Debug|iPhoneSimulator.ActiveCfg = Debug|Any CPU
		{E3EED470-D018-48BC-B15B-FB140E0AA30A}.Debug|iPhoneSimulator.Build.0 = Debug|Any CPU
		{E3EED470-D018-48BC-B15B-FB140E0AA30A}.Debug|iPhoneSimulator.Deploy.0 = Debug|Any CPU
		{E3EED470-D018-48BC-B15B-FB140E0AA30A}.Debug|x64.ActiveCfg = Debug|Any CPU
		{E3EED470-D018-48BC-B15B-FB140E0AA30A}.Debug|x64.Build.0 = Debug|Any CPU
		{E3EED470-D018-48BC-B15B-FB140E0AA30A}.Debug|x64.Deploy.0 = Debug|Any CPU
		{E3EED470-D018-48BC-B15B-FB140E0AA30A}.Debug|x86.ActiveCfg = Debug|Any CPU
		{E3EED470-D018-48BC-B15B-FB140E0AA30A}.Debug|x86.Build.0 = Debug|Any CPU
		{E3EED470-D018-48BC-B15B-FB140E0AA30A}.Debug|x86.Deploy.0 = Debug|Any CPU
		{E3EED470-D018-48BC-B15B-FB140E0AA30A}.Release|Any CPU.ActiveCfg = Release|Any CPU
		{E3EED470-D018-48BC-B15B-FB140E0AA30A}.Release|Any CPU.Build.0 = Release|Any CPU
		{E3EED470-D018-48BC-B15B-FB140E0AA30A}.Release|Any CPU.Deploy.0 = Release|Any CPU
		{E3EED470-D018-48BC-B15B-FB140E0AA30A}.Release|ARM.ActiveCfg = Release|Any CPU
		{E3EED470-D018-48BC-B15B-FB140E0AA30A}.Release|ARM.Build.0 = Release|Any CPU
		{E3EED470-D018-48BC-B15B-FB140E0AA30A}.Release|ARM.Deploy.0 = Release|Any CPU
		{E3EED470-D018-48BC-B15B-FB140E0AA30A}.Release|iPhone.ActiveCfg = Release|Any CPU
		{E3EED470-D018-48BC-B15B-FB140E0AA30A}.Release|iPhone.Build.0 = Release|Any CPU
		{E3EED470-D018-48BC-B15B-FB140E0AA30A}.Release|iPhone.Deploy.0 = Release|Any CPU
		{E3EED470-D018-48BC-B15B-FB140E0AA30A}.Release|iPhoneSimulator.ActiveCfg = Release|Any CPU
		{E3EED470-D018-48BC-B15B-FB140E0AA30A}.Release|iPhoneSimulator.Build.0 = Release|Any CPU
		{E3EED470-D018-48BC-B15B-FB140E0AA30A}.Release|iPhoneSimulator.Deploy.0 = Release|Any CPU
		{E3EED470-D018-48BC-B15B-FB140E0AA30A}.Release|x64.ActiveCfg = Release|Any CPU
		{E3EED470-D018-48BC-B15B-FB140E0AA30A}.Release|x64.Build.0 = Release|Any CPU
		{E3EED470-D018-48BC-B15B-FB140E0AA30A}.Release|x64.Deploy.0 = Release|Any CPU
		{E3EED470-D018-48BC-B15B-FB140E0AA30A}.Release|x86.ActiveCfg = Release|Any CPU
		{E3EED470-D018-48BC-B15B-FB140E0AA30A}.Release|x86.Build.0 = Release|Any CPU
		{E3EED470-D018-48BC-B15B-FB140E0AA30A}.Release|x86.Deploy.0 = Release|Any CPU
	EndGlobalSection
	GlobalSection(SolutionProperties) = preSolution
		HideSolutionNode = FALSE
	EndGlobalSection
	GlobalSection(ExtensibilityGlobals) = postSolution
		SolutionGuid = {937C3F04-F903-42ED-9B11-291A0F06B111}
	EndGlobalSection
EndGlobal
